
Microsoft Visual Studio Solution File, Format Version 12.00
# Visual Studio 2013
VisualStudioVersion = 12.0.21005.1
MinimumVisualStudioVersion = 10.0.40219.1
Project("{FAE04EC0-301F-11D3-BF4B-00C04F79EFBC}") = "Customer", "Customer\Customer.csproj", "{7B21E443-A025-45DC-82AF-6C345A1F1813}"
EndProject
Project("{FAE04EC0-301F-11D3-BF4B-00C04F79EFBC}") = "StringDisperser", "StringDisperser\StringDisperser.csproj", "{3B2E3193-B4D5-4556-9C84-CD5FD8047CEC}"
EndProject
Global
	GlobalSection(SolutionConfigurationPlatforms) = preSolution
		Debug|Any CPU = Debug|Any CPU
		Release|Any CPU = Release|Any CPU
	EndGlobalSection
	GlobalSection(ProjectConfigurationPlatforms) = postSolution
		{7B21E443-A025-45DC-82AF-6C345A1F1813}.Debug|Any CPU.ActiveCfg = Debug|Any CPU
		{7B21E443-A025-45DC-82AF-6C345A1F1813}.Debug|Any CPU.Build.0 = Debug|Any CPU
		{7B21E443-A025-45DC-82AF-6C345A1F1813}.Release|Any CPU.ActiveCfg = Release|Any CPU
		{7B21E443-A025-45DC-82AF-6C345A1F1813}.Release|Any CPU.Build.0 = Release|Any CPU
		{3B2E3193-B4D5-4556-9C84-CD5FD8047CEC}.Debug|Any CPU.ActiveCfg = Debug|Any CPU
		{3B2E3193-B4D5-4556-9C84-CD5FD8047CEC}.Debug|Any CPU.Build.0 = Debug|Any CPU
		{3B2E3193-B4D5-4556-9C84-CD5FD8047CEC}.Release|Any CPU.ActiveCfg = Release|Any CPU
		{3B2E3193-B4D5-4556-9C84-CD5FD8047CEC}.Release|Any CPU.Build.0 = Release|Any CPU
	EndGlobalSection
	GlobalSection(SolutionProperties) = preSolution
		HideSolutionNode = FALSE
	EndGlobalSection
EndGlobal
