
Microsoft Visual Studio Solution File, Format Version 12.00
# Visual Studio Express 2013 for Windows Desktop
VisualStudioVersion = 12.0.21005.1
MinimumVisualStudioVersion = 10.0.40219.1
Project("{FAE04EC0-301F-11D3-BF4B-00C04F79EFBC}") = "Shapes", "Shapes\Shapes.csproj", "{70132517-281B-43D9-A31D-378A7897A15B}"
EndProject
Project("{FAE04EC0-301F-11D3-BF4B-00C04F79EFBC}") = "BankAccount", "BankAccount\BankAccount.csproj", "{1596F98E-AFBA-4654-A836-64172F4FADC5}"
EndProject
Global
	GlobalSection(SolutionConfigurationPlatforms) = preSolution
		Debug|Any CPU = Debug|Any CPU
		Release|Any CPU = Release|Any CPU
	EndGlobalSection
	GlobalSection(ProjectConfigurationPlatforms) = postSolution
		{70132517-281B-43D9-A31D-378A7897A15B}.Debug|Any CPU.ActiveCfg = Debug|Any CPU
		{70132517-281B-43D9-A31D-378A7897A15B}.Debug|Any CPU.Build.0 = Debug|Any CPU
		{70132517-281B-43D9-A31D-378A7897A15B}.Release|Any CPU.ActiveCfg = Release|Any CPU
		{70132517-281B-43D9-A31D-378A7897A15B}.Release|Any CPU.Build.0 = Release|Any CPU
		{1596F98E-AFBA-4654-A836-64172F4FADC5}.Debug|Any CPU.ActiveCfg = Debug|Any CPU
		{1596F98E-AFBA-4654-A836-64172F4FADC5}.Debug|Any CPU.Build.0 = Debug|Any CPU
		{1596F98E-AFBA-4654-A836-64172F4FADC5}.Release|Any CPU.ActiveCfg = Release|Any CPU
		{1596F98E-AFBA-4654-A836-64172F4FADC5}.Release|Any CPU.Build.0 = Release|Any CPU
	EndGlobalSection
	GlobalSection(SolutionProperties) = preSolution
		HideSolutionNode = FALSE
	EndGlobalSection
EndGlobal
